{
  "name": "node-red-contrib-cbor",
  "version": "1.0.0",
  "lockfileVersion": 1,
  "requires": true,
  "dependencies": {
    "bignumber.js": {
      "version": "8.0.2",
      "resolved": "https://registry.npmjs.org/bignumber.js/-/bignumber.js-8.0.2.tgz",
      "integrity": "sha512-EiuvFrnbv0jFixEQ9f58jo7X0qI2lNGIr/MxntmVzQc5JUweDSh8y8hbTCAomFtqwUPIOWcLXP0VEOSZTG7FFw=="
    },
    "cbor": {
      "version": "github:hildjj/node-cbor#4fd3889b39eb582603036d0f8d5cbe60522912d0",
      "from": "github:hildjj/node-cbor",
      "requires": {
        "bignumber.js": "^8.0.1",
        "commander": "^2.19.0",
        "json-text-sequence": "^0.1",
        "nofilter": "^1.0.1"
      }
    },
    "commander": {
      "version": "2.19.0",
      "resolved": "https://registry.npmjs.org/commander/-/commander-2.19.0.tgz",
      "integrity": "sha512-6tvAOO+D6OENvRAh524Dh9jcfKTYDQAqvqezbCW82xj5X0pSrcpxtvRKHLG0yBY6SD7PSDrJaj+0AiOcKVd1Xg=="
    },
    "delimit-stream": {
      "version": "0.1.0",
      "resolved": "https://registry.npmjs.org/delimit-stream/-/delimit-stream-0.1.0.tgz",
      "integrity": "sha1-m4MZR3wOX4rrPONXrjBfwl6hzSs="
    },
    "json-text-sequence": {
      "version": "0.1.1",
      "resolved": "https://registry.npmjs.org/json-text-sequence/-/json-text-sequence-0.1.1.tgz",
      "integrity": "sha1-py8hfcSvxGKf/1/rME3BvVGi89I=",
      "requires": {
        "delimit-stream": "0.1.0"
      }
    },
    "nofilter": {
      "version": "1.0.1",
      "resolved": "https://registry.npmjs.org/nofilter/-/nofilter-1.0.1.tgz",
      "integrity": "sha512-p2J1rODXWkqM5NAT7TMUmKGAcnUreT4uSTUar+vdrquOXV5vn8oHW2hBU0LeQSh6nwz4xkxcpRE89UGk+eQUcw=="
    }
  }
}
